<?xml version="1.0" encoding="utf-8"?>
<Project ToolsVersion="4.0" xmlns="http://schemas.microsoft.com/developer/msbuild/2003">
  <ItemGroup>
    <Filter Include="Source Files">
      <UniqueIdentifier>{4FC737F1-C7A5-4376-A066-2A32D752A2FF}</UniqueIdentifier>
      <Extensions>cpp;c;cc;cxx;def;odl;idl;hpj;bat;asm;asmx</Extensions>
    </Filter>
    <Filter Include="Header Files">
      <UniqueIdentifier>{93995380-89BD-4b04-88EB-625FBE52EBFB}</UniqueIdentifier>
      <Extensions>h;hh;hpp;hxx;hm;inl;inc;xsd</Extensions>
    </Filter>
    <Filter Include="Resource Files">
      <UniqueIdentifier>{67DA6AB6-F800-4c08-8B7A-83BB121AAD01}</UniqueIdentifier>
      <Extensions>rc;ico;cur;bmp;dlg;rc2;rct;bin;rgs;gif;jpg;jpeg;jpe;resx;tiff;tif;png;wav;mfcribbon-ms</Extensions>
    </Filter>
  </ItemGroup>
  <ItemGroup>
    <Text Include="ReadMe.txt" />
  </ItemGroup>
  <ItemGroup>
    <ClCompile Include="..\..\simplect3D_cpp\anime.cpp">
      <Filter>Source Files</Filter>
    </ClCompile>
    <ClCompile Include="..\..\simplect3D_cpp\anime_data.cpp">
      <Filter>Source Files</Filter>
    </ClCompile>
    <ClCompile Include="..\..\simplect3D_cpp\billboard.cpp">
      <Filter>Source Files</Filter>
    </ClCompile>
    <ClCompile Include="..\..\simplect3D_cpp\box.cpp">
      <Filter>Source Files</Filter>
    </ClCompile>
    <ClCompile Include="..\..\simplect3D_cpp\box_data.cpp">
      <Filter>Source Files</Filter>
    </ClCompile>
    <ClCompile Include="..\..\simplect3D_cpp\bunisher.cpp">
      <Filter>Source Files</Filter>
    </ClCompile>
    <ClCompile Include="..\..\simplect3D_cpp\bunish_data.cpp">
      <Filter>Source Files</Filter>
    </ClCompile>
    <ClCompile Include="..\..\simplect3D_cpp\camera.cpp">
      <Filter>Source Files</Filter>
    </ClCompile>
    <ClCompile Include="..\..\simplect3D_cpp\canimer.cpp">
      <Filter>Source Files</Filter>
    </ClCompile>
    <ClCompile Include="..\..\simplect3D_cpp\display_manager.cpp">
      <Filter>Source Files</Filter>
    </ClCompile>
    <ClCompile Include="..\..\simplect3D_cpp\dxinput.cpp">
      <Filter>Source Files</Filter>
    </ClCompile>
    <ClCompile Include="..\..\simplect3D_cpp\dxlight.cpp">
      <Filter>Source Files</Filter>
    </ClCompile>
    <ClCompile Include="..\..\simplect3D_cpp\dxmanager.cpp">
      <Filter>Source Files</Filter>
    </ClCompile>
    <ClCompile Include="..\..\simplect3D_cpp\fps60.cpp">
      <Filter>Source Files</Filter>
    </ClCompile>
    <ClCompile Include="..\..\simplect3D_cpp\image_data.cpp">
      <Filter>Source Files</Filter>
    </ClCompile>
    <ClCompile Include="..\..\simplect3D_cpp\key.cpp">
      <Filter>Source Files</Filter>
    </ClCompile>
    <ClCompile Include="..\..\simplect3D_cpp\key_system.cpp">
      <Filter>Source Files</Filter>
    </ClCompile>
    <ClCompile Include="..\..\simplect3D_cpp\leaf.cpp">
      <Filter>Source Files</Filter>
    </ClCompile>
    <ClCompile Include="..\..\simplect3D_cpp\manager.cpp">
      <Filter>Source Files</Filter>
    </ClCompile>
    <ClCompile Include="..\..\simplect3D_cpp\matrix.cpp">
      <Filter>Source Files</Filter>
    </ClCompile>
    <ClCompile Include="..\..\simplect3D_cpp\model.cpp">
      <Filter>Source Files</Filter>
    </ClCompile>
    <ClCompile Include="..\..\simplect3D_cpp\model_data.cpp">
      <Filter>Source Files</Filter>
    </ClCompile>
    <ClCompile Include="..\..\simplect3D_cpp\mouse.cpp">
      <Filter>Source Files</Filter>
    </ClCompile>
    <ClCompile Include="..\..\simplect3D_cpp\se.cpp">
      <Filter>Source Files</Filter>
    </ClCompile>
    <ClCompile Include="..\..\simplect3D_cpp\si3_coor3.cpp">
      <Filter>Source Files</Filter>
    </ClCompile>
    <ClCompile Include="..\..\simplect3D_cpp\si3_ModelDustConverter.cpp">
      <Filter>Source Files</Filter>
    </ClCompile>
    <ClCompile Include="..\..\simplect3D_cpp\si3_normalize_vector.cpp">
      <Filter>Source Files</Filter>
    </ClCompile>
    <ClCompile Include="..\..\simplect3D_cpp\si3_triangle_gravity_center.cpp">
      <Filter>Source Files</Filter>
    </ClCompile>
    <ClCompile Include="..\..\simplect3D_cpp\sky_dome.cpp">
      <Filter>Source Files</Filter>
    </ClCompile>
    <ClCompile Include="..\..\simplect3D_cpp\sky_dome_mini.cpp">
      <Filter>Source Files</Filter>
    </ClCompile>
    <ClCompile Include="..\..\simplect3D_cpp\sound_data.cpp">
      <Filter>Source Files</Filter>
    </ClCompile>
    <ClCompile Include="..\..\simplect3D_cpp\sound_manager.cpp">
      <Filter>Source Files</Filter>
    </ClCompile>
    <ClCompile Include="..\..\simplect3D_cpp\sphere.cpp">
      <Filter>Source Files</Filter>
    </ClCompile>
    <ClCompile Include="..\..\simplect3D_cpp\sphere_data.cpp">
      <Filter>Source Files</Filter>
    </ClCompile>
    <ClCompile Include="..\..\simplect3D_cpp\unique_sound.cpp">
      <Filter>Source Files</Filter>
    </ClCompile>
    <ClCompile Include="..\..\simplect3D_cpp\utility.cpp">
      <Filter>Source Files</Filter>
    </ClCompile>
  </ItemGroup>
  <ItemGroup>
    <ClInclude Include="..\..\simplect3D\anime.h">
      <Filter>Header Files</Filter>
    </ClInclude>
    <ClInclude Include="..\..\simplect3D\anime_data.h">
      <Filter>Header Files</Filter>
    </ClInclude>
    <ClInclude Include="..\..\simplect3D\billboard.h">
      <Filter>Header Files</Filter>
    </ClInclude>
    <ClInclude Include="..\..\simplect3D\box.h">
      <Filter>Header Files</Filter>
    </ClInclude>
    <ClInclude Include="..\..\simplect3D\box_data.h">
      <Filter>Header Files</Filter>
    </ClInclude>
    <ClInclude Include="..\..\simplect3D\bunisher.h">
      <Filter>Header Files</Filter>
    </ClInclude>
    <ClInclude Include="..\..\simplect3D\bunish_data.h">
      <Filter>Header Files</Filter>
    </ClInclude>
    <ClInclude Include="..\..\simplect3D\camera.h">
      <Filter>Header Files</Filter>
    </ClInclude>
    <ClInclude Include="..\..\simplect3D\canimer.h">
      <Filter>Header Files</Filter>
    </ClInclude>
    <ClInclude Include="..\..\simplect3D\diffuse.h">
      <Filter>Header Files</Filter>
    </ClInclude>
    <ClInclude Include="..\..\simplect3D\display_manager.h">
      <Filter>Header Files</Filter>
    </ClInclude>
    <ClInclude Include="..\..\simplect3D\display_object.h">
      <Filter>Header Files</Filter>
    </ClInclude>
    <ClInclude Include="..\..\simplect3D\dxinput.h">
      <Filter>Header Files</Filter>
    </ClInclude>
    <ClInclude Include="..\..\simplect3D\dxlight.h">
      <Filter>Header Files</Filter>
    </ClInclude>
    <ClInclude Include="..\..\simplect3D\dxmanager.h">
      <Filter>Header Files</Filter>
    </ClInclude>
    <ClInclude Include="..\..\simplect3D\fps60.h">
      <Filter>Header Files</Filter>
    </ClInclude>
    <ClInclude Include="..\..\simplect3D\image_data.h">
      <Filter>Header Files</Filter>
    </ClInclude>
    <ClInclude Include="..\..\simplect3D\key.h">
      <Filter>Header Files</Filter>
    </ClInclude>
    <ClInclude Include="..\..\simplect3D\key_system.h">
      <Filter>Header Files</Filter>
    </ClInclude>
    <ClInclude Include="..\..\simplect3D\leaf.h">
      <Filter>Header Files</Filter>
    </ClInclude>
    <ClInclude Include="..\..\simplect3D\manager.h">
      <Filter>Header Files</Filter>
    </ClInclude>
    <ClInclude Include="..\..\simplect3D\matrix.h">
      <Filter>Header Files</Filter>
    </ClInclude>
    <ClInclude Include="..\..\simplect3D\model.h">
      <Filter>Header Files</Filter>
    </ClInclude>
    <ClInclude Include="..\..\simplect3D\model_coor.h">
      <Filter>Header Files</Filter>
    </ClInclude>
    <ClInclude Include="..\..\simplect3D\model_data.h">
      <Filter>Header Files</Filter>
    </ClInclude>
    <ClInclude Include="..\..\simplect3D\mouse.h">
      <Filter>Header Files</Filter>
    </ClInclude>
    <ClInclude Include="..\..\simplect3D\popular.h">
      <Filter>Header Files</Filter>
    </ClInclude>
    <ClInclude Include="..\..\simplect3D\rot_mode.h">
      <Filter>Header Files</Filter>
    </ClInclude>
    <ClInclude Include="..\..\simplect3D\saferelease.h">
      <Filter>Header Files</Filter>
    </ClInclude>
    <ClInclude Include="..\..\simplect3D\se.h">
      <Filter>Header Files</Filter>
    </ClInclude>
    <ClInclude Include="..\..\simplect3D\si3_blendmode.h">
      <Filter>Header Files</Filter>
    </ClInclude>
    <ClInclude Include="..\..\simplect3D\si3_coor3.h">
      <Filter>Header Files</Filter>
    </ClInclude>
    <ClInclude Include="..\..\simplect3D\si3_ModelDustConverter.h">
      <Filter>Header Files</Filter>
    </ClInclude>
    <ClInclude Include="..\..\simplect3D\si3_top_type.h">
      <Filter>Header Files</Filter>
    </ClInclude>
    <ClInclude Include="..\..\simplect3D\simplect3D.h">
      <Filter>Header Files</Filter>
    </ClInclude>
    <ClInclude Include="..\..\simplect3D\sky_dome.h">
      <Filter>Header Files</Filter>
    </ClInclude>
    <ClInclude Include="..\..\simplect3D\sky_dome_mini.h">
      <Filter>Header Files</Filter>
    </ClInclude>
    <ClInclude Include="..\..\simplect3D\sound_data.h">
      <Filter>Header Files</Filter>
    </ClInclude>
    <ClInclude Include="..\..\simplect3D\sound_manager.h">
      <Filter>Header Files</Filter>
    </ClInclude>
    <ClInclude Include="..\..\simplect3D\sphere.h">
      <Filter>Header Files</Filter>
    </ClInclude>
    <ClInclude Include="..\..\simplect3D\sphere_data.h">
      <Filter>Header Files</Filter>
    </ClInclude>
    <ClInclude Include="..\..\simplect3D\top4.h">
      <Filter>Header Files</Filter>
    </ClInclude>
    <ClInclude Include="..\..\simplect3D\unique_sound.h">
      <Filter>Header Files</Filter>
    </ClInclude>
    <ClInclude Include="..\..\simplect3D\utility.h">
      <Filter>Header Files</Filter>
    </ClInclude>
  </ItemGroup>
</Project>